{
  "name": "blaster",
  "version": "1.0.0",
  "lockfileVersion": 3,
  "requires": true,
  "packages": {
    "": {
      "name": "blaster",
      "version": "1.0.0",
      "license": "ISC",
      "dependencies": {
        "biotech-js": "^1.0.1"
      }
    },
    "node_modules/biotech-js": {
      "version": "1.0.1",
      "resolved": "https://registry.npmjs.org/biotech-js/-/biotech-js-1.0.1.tgz",
      "integrity": "sha512-Vio/7utr+TvlcSJvXpwBONEWQyR9gD6utnAkeS1NxhJSTmXHGFWOXWm716ZHQexvqviCh7liaciPOQIqtT3Pvg==",
      "engines": {
        "node": ">=18.10.0"
      }
    }
  }
}
