# THIS IS AN AUTOGENERATED FILE. DO NOT EDIT THIS FILE DIRECTLY.
# yarn lockfile v1


biotech-js@1.0.6:
  version "1.0.6"
  resolved "https://registry.yarnpkg.com/biotech-js/-/biotech-js-1.0.6.tgz#d5da1a0470cb225573fff171c839041ead80f244"
  integrity sha512-bOkN/T4UCLRce9Rux2MjGwcj9mWmqsgYE1G9cOtLgh8iA5yzsvt6VZsOxgPe8zHceB4vnItaUd8JqsZYEYhYrw==
